
Microsoft Visual Studio Solution File, Format Version 12.00
# Visual Studio 15
VisualStudioVersion = 15.0.27428.2027
MinimumVisualStudioVersion = 10.0.40219.1
Project("{9A19103F-16F7-4668-BE54-9A1E7A4F7556}") = "SportsStore", "SportsStore\SportsStore.csproj", "{061B06E0-A86E-487B-BD7B-CC67002A259F}"
EndProject
Project("{9A19103F-16F7-4668-BE54-9A1E7A4F7556}") = "SportsStore.Tests", "SportsStore.Tests\SportsStore.Tests.csproj", "{D0AE6FCF-951E-4C73-BB72-AF57545131D4}"
EndProject
Global
	GlobalSection(SolutionConfigurationPlatforms) = preSolution
		Debug|Any CPU = Debug|Any CPU
		Release|Any CPU = Release|Any CPU
	EndGlobalSection
	GlobalSection(ProjectConfigurationPlatforms) = postSolution
		{061B06E0-A86E-487B-BD7B-CC67002A259F}.Debug|Any CPU.ActiveCfg = Debug|Any CPU
		{061B06E0-A86E-487B-BD7B-CC67002A259F}.Debug|Any CPU.Build.0 = Debug|Any CPU
		{061B06E0-A86E-487B-BD7B-CC67002A259F}.Release|Any CPU.ActiveCfg = Release|Any CPU
		{061B06E0-A86E-487B-BD7B-CC67002A259F}.Release|Any CPU.Build.0 = Release|Any CPU
		{D0AE6FCF-951E-4C73-BB72-AF57545131D4}.Debug|Any CPU.ActiveCfg = Debug|Any CPU
		{D0AE6FCF-951E-4C73-BB72-AF57545131D4}.Debug|Any CPU.Build.0 = Debug|Any CPU
		{D0AE6FCF-951E-4C73-BB72-AF57545131D4}.Release|Any CPU.ActiveCfg = Release|Any CPU
		{D0AE6FCF-951E-4C73-BB72-AF57545131D4}.Release|Any CPU.Build.0 = Release|Any CPU
	EndGlobalSection
	GlobalSection(SolutionProperties) = preSolution
		HideSolutionNode = FALSE
	EndGlobalSection
	GlobalSection(ExtensibilityGlobals) = postSolution
		SolutionGuid = {04BD3BF5-3C1C-400D-B109-D22A44583B39}
	EndGlobalSection
EndGlobal
