
Microsoft Visual Studio Solution File, Format Version 12.00
# Visual Studio 15
VisualStudioVersion = 15.0.27004.2002
MinimumVisualStudioVersion = 10.0.40219.1
Project("{FAE04EC0-301F-11D3-BF4B-00C04F79EFBC}") = "SportsStore", "SportsStore\SportsStore.csproj", "{3AF375FE-4675-48BD-BA6A-F26C203AF9DD}"
EndProject
Project("{FAE04EC0-301F-11D3-BF4B-00C04F79EFBC}") = "SportsStore.Tests", "SportsStore.Tests\SportsStore.Tests.csproj", "{67BE6146-AD1A-4A43-901C-8D2C33014932}"
	ProjectSection(ProjectDependencies) = postProject
		{3AF375FE-4675-48BD-BA6A-F26C203AF9DD} = {3AF375FE-4675-48BD-BA6A-F26C203AF9DD}
	EndProjectSection
EndProject
Global
	GlobalSection(SolutionConfigurationPlatforms) = preSolution
		Debug|Any CPU = Debug|Any CPU
		Release|Any CPU = Release|Any CPU
	EndGlobalSection
	GlobalSection(ProjectConfigurationPlatforms) = postSolution
		{3AF375FE-4675-48BD-BA6A-F26C203AF9DD}.Debug|Any CPU.ActiveCfg = Debug|Any CPU
		{3AF375FE-4675-48BD-BA6A-F26C203AF9DD}.Debug|Any CPU.Build.0 = Debug|Any CPU
		{3AF375FE-4675-48BD-BA6A-F26C203AF9DD}.Release|Any CPU.ActiveCfg = Release|Any CPU
		{3AF375FE-4675-48BD-BA6A-F26C203AF9DD}.Release|Any CPU.Build.0 = Release|Any CPU
		{67BE6146-AD1A-4A43-901C-8D2C33014932}.Debug|Any CPU.ActiveCfg = Debug|Any CPU
		{67BE6146-AD1A-4A43-901C-8D2C33014932}.Debug|Any CPU.Build.0 = Debug|Any CPU
		{67BE6146-AD1A-4A43-901C-8D2C33014932}.Release|Any CPU.ActiveCfg = Release|Any CPU
		{67BE6146-AD1A-4A43-901C-8D2C33014932}.Release|Any CPU.Build.0 = Release|Any CPU
	EndGlobalSection
	GlobalSection(SolutionProperties) = preSolution
		HideSolutionNode = FALSE
	EndGlobalSection
	GlobalSection(ExtensibilityGlobals) = postSolution
		SolutionGuid = {3E206287-5635-4256-A622-8F64EFB41594}
	EndGlobalSection
EndGlobal
