
Microsoft Visual Studio Solution File, Format Version 12.00
# Visual Studio 15
VisualStudioVersion = 15.0.27130.2027
MinimumVisualStudioVersion = 10.0.40219.1
Project("{9A19103F-16F7-4668-BE54-9A1E7A4F7556}") = "WorkingWithVisualStudio", "WorkingWithVisualStudio\WorkingWithVisualStudio.csproj", "{3D3C498B-235F-4E3C-99CB-6B8936AEE727}"
EndProject
Project("{FAE04EC0-301F-11D3-BF4B-00C04F79EFBC}") = "WorkingWithVisualStudio.Tests", "WorkingWithVisualStudio.Tests\WorkingWithVisualStudio.Tests.csproj", "{1A61DD17-4004-426E-AA11-E80D4D8FA3BB}"
EndProject
Global
	GlobalSection(SolutionConfigurationPlatforms) = preSolution
		Debug|Any CPU = Debug|Any CPU
		Release|Any CPU = Release|Any CPU
	EndGlobalSection
	GlobalSection(ProjectConfigurationPlatforms) = postSolution
		{3D3C498B-235F-4E3C-99CB-6B8936AEE727}.Debug|Any CPU.ActiveCfg = Debug|Any CPU
		{3D3C498B-235F-4E3C-99CB-6B8936AEE727}.Debug|Any CPU.Build.0 = Debug|Any CPU
		{3D3C498B-235F-4E3C-99CB-6B8936AEE727}.Release|Any CPU.ActiveCfg = Release|Any CPU
		{3D3C498B-235F-4E3C-99CB-6B8936AEE727}.Release|Any CPU.Build.0 = Release|Any CPU
		{1A61DD17-4004-426E-AA11-E80D4D8FA3BB}.Debug|Any CPU.ActiveCfg = Debug|Any CPU
		{1A61DD17-4004-426E-AA11-E80D4D8FA3BB}.Debug|Any CPU.Build.0 = Debug|Any CPU
		{1A61DD17-4004-426E-AA11-E80D4D8FA3BB}.Release|Any CPU.ActiveCfg = Release|Any CPU
		{1A61DD17-4004-426E-AA11-E80D4D8FA3BB}.Release|Any CPU.Build.0 = Release|Any CPU
	EndGlobalSection
	GlobalSection(SolutionProperties) = preSolution
		HideSolutionNode = FALSE
	EndGlobalSection
	GlobalSection(ExtensibilityGlobals) = postSolution
		SolutionGuid = {D3666C0E-DEF6-456D-83AF-8C142FBB6353}
	EndGlobalSection
EndGlobal
