
Microsoft Visual Studio Solution File, Format Version 12.00
# Visual Studio 15
VisualStudioVersion = 15.0.27130.2027
MinimumVisualStudioVersion = 10.0.40219.1
Project("{FAE04EC0-301F-11D3-BF4B-00C04F79EFBC}") = "LanguageFeatures", "LanguageFeatures\LanguageFeatures.csproj", "{32CDD155-B048-462F-92C6-1E9029D7C335}"
EndProject
Global
	GlobalSection(SolutionConfigurationPlatforms) = preSolution
		Debug|Any CPU = Debug|Any CPU
		Release|Any CPU = Release|Any CPU
	EndGlobalSection
	GlobalSection(ProjectConfigurationPlatforms) = postSolution
		{32CDD155-B048-462F-92C6-1E9029D7C335}.Debug|Any CPU.ActiveCfg = Debug|Any CPU
		{32CDD155-B048-462F-92C6-1E9029D7C335}.Debug|Any CPU.Build.0 = Debug|Any CPU
		{32CDD155-B048-462F-92C6-1E9029D7C335}.Release|Any CPU.ActiveCfg = Release|Any CPU
		{32CDD155-B048-462F-92C6-1E9029D7C335}.Release|Any CPU.Build.0 = Release|Any CPU
	EndGlobalSection
	GlobalSection(SolutionProperties) = preSolution
		HideSolutionNode = FALSE
	EndGlobalSection
	GlobalSection(ExtensibilityGlobals) = postSolution
		SolutionGuid = {FA24B8FA-F955-4FA6-A480-23A26E79B763}
	EndGlobalSection
EndGlobal
